
Microsoft Visual Studio Solution File, Format Version 12.00
# Visual Studio Version 16
VisualStudioVersion = 16.0.29102.190
MinimumVisualStudioVersion = 10.0.40219.1
Project("{8BC9CEB8-8B4A-11D0-8D11-00A0C91BC942}") = "GLEW_GLFW_20190717", "GLEW_GLFW\GLEW_GLFW.vcxproj", "{F06D4505-B48D-430C-A8A4-8FE2A96BFA00}"
EndProject
Project("{8BC9CEB8-8B4A-11D0-8D11-00A0C91BC942}") = "Simple2DDrawing_20190718", "Simple2DDrawing\Simple2DDrawing.vcxproj", "{3F547F82-E3FE-43B8-AAA1-A896C8FF6B8D}"
EndProject
Project("{8BC9CEB8-8B4A-11D0-8D11-00A0C91BC942}") = "OpenSourceProject_20190718", "OpenSourceProject\OpenSourceProject.vcxproj", "{D96ED9CA-E804-49CC-9281-64FDF2CC1EDD}"
EndProject
Project("{8BC9CEB8-8B4A-11D0-8D11-00A0C91BC942}") = "Class_20190719", "Class\Class.vcxproj", "{0758C6C3-889E-431F-B7BF-2C04FCCFDE79}"
EndProject
Project("{8BC9CEB8-8B4A-11D0-8D11-00A0C91BC942}") = "Review_Interface_Design_Std_library_20190722", "Review_Interface_Design_Std_library\Review_Interface_Design_Std_library.vcxproj", "{CD0F9ECB-9DEE-446B-9725-D89338C9876B}"
EndProject
Project("{8BC9CEB8-8B4A-11D0-8D11-00A0C91BC942}") = "Vector_20190723", "Vector\Vector.vcxproj", "{F64FE640-61A4-4BB4-9E8B-A6C38B4E1F99}"
EndProject
Project("{8BC9CEB8-8B4A-11D0-8D11-00A0C91BC942}") = "Vector02_20190724", "Vector02_20190724\Vector02_20190724.vcxproj", "{F1D5AD34-90E9-45E5-8EF4-B6E1E2162EF2}"
EndProject
Project("{8BC9CEB8-8B4A-11D0-8D11-00A0C91BC942}") = "TemplateClass", "TemplateClass\TemplateClass.vcxproj", "{ED18E659-059C-4F2D-9ACC-A2F40A3BFA61}"
EndProject
Global
	GlobalSection(SolutionConfigurationPlatforms) = preSolution
		Debug|x64 = Debug|x64
		Debug|x86 = Debug|x86
		Release|x64 = Release|x64
		Release|x86 = Release|x86
	EndGlobalSection
	GlobalSection(ProjectConfigurationPlatforms) = postSolution
		{F06D4505-B48D-430C-A8A4-8FE2A96BFA00}.Debug|x64.ActiveCfg = Debug|x64
		{F06D4505-B48D-430C-A8A4-8FE2A96BFA00}.Debug|x64.Build.0 = Debug|x64
		{F06D4505-B48D-430C-A8A4-8FE2A96BFA00}.Debug|x86.ActiveCfg = Debug|Win32
		{F06D4505-B48D-430C-A8A4-8FE2A96BFA00}.Debug|x86.Build.0 = Debug|Win32
		{F06D4505-B48D-430C-A8A4-8FE2A96BFA00}.Release|x64.ActiveCfg = Release|x64
		{F06D4505-B48D-430C-A8A4-8FE2A96BFA00}.Release|x64.Build.0 = Release|x64
		{F06D4505-B48D-430C-A8A4-8FE2A96BFA00}.Release|x86.ActiveCfg = Release|Win32
		{F06D4505-B48D-430C-A8A4-8FE2A96BFA00}.Release|x86.Build.0 = Release|Win32
		{3F547F82-E3FE-43B8-AAA1-A896C8FF6B8D}.Debug|x64.ActiveCfg = Debug|x64
		{3F547F82-E3FE-43B8-AAA1-A896C8FF6B8D}.Debug|x64.Build.0 = Debug|x64
		{3F547F82-E3FE-43B8-AAA1-A896C8FF6B8D}.Debug|x86.ActiveCfg = Debug|Win32
		{3F547F82-E3FE-43B8-AAA1-A896C8FF6B8D}.Debug|x86.Build.0 = Debug|Win32
		{3F547F82-E3FE-43B8-AAA1-A896C8FF6B8D}.Release|x64.ActiveCfg = Release|x64
		{3F547F82-E3FE-43B8-AAA1-A896C8FF6B8D}.Release|x64.Build.0 = Release|x64
		{3F547F82-E3FE-43B8-AAA1-A896C8FF6B8D}.Release|x86.ActiveCfg = Release|Win32
		{3F547F82-E3FE-43B8-AAA1-A896C8FF6B8D}.Release|x86.Build.0 = Release|Win32
		{D96ED9CA-E804-49CC-9281-64FDF2CC1EDD}.Debug|x64.ActiveCfg = Debug|x64
		{D96ED9CA-E804-49CC-9281-64FDF2CC1EDD}.Debug|x64.Build.0 = Debug|x64
		{D96ED9CA-E804-49CC-9281-64FDF2CC1EDD}.Debug|x86.ActiveCfg = Debug|Win32
		{D96ED9CA-E804-49CC-9281-64FDF2CC1EDD}.Debug|x86.Build.0 = Debug|Win32
		{D96ED9CA-E804-49CC-9281-64FDF2CC1EDD}.Release|x64.ActiveCfg = Release|x64
		{D96ED9CA-E804-49CC-9281-64FDF2CC1EDD}.Release|x64.Build.0 = Release|x64
		{D96ED9CA-E804-49CC-9281-64FDF2CC1EDD}.Release|x86.ActiveCfg = Release|Win32
		{D96ED9CA-E804-49CC-9281-64FDF2CC1EDD}.Release|x86.Build.0 = Release|Win32
		{0758C6C3-889E-431F-B7BF-2C04FCCFDE79}.Debug|x64.ActiveCfg = Debug|x64
		{0758C6C3-889E-431F-B7BF-2C04FCCFDE79}.Debug|x64.Build.0 = Debug|x64
		{0758C6C3-889E-431F-B7BF-2C04FCCFDE79}.Debug|x86.ActiveCfg = Debug|Win32
		{0758C6C3-889E-431F-B7BF-2C04FCCFDE79}.Debug|x86.Build.0 = Debug|Win32
		{0758C6C3-889E-431F-B7BF-2C04FCCFDE79}.Release|x64.ActiveCfg = Release|x64
		{0758C6C3-889E-431F-B7BF-2C04FCCFDE79}.Release|x64.Build.0 = Release|x64
		{0758C6C3-889E-431F-B7BF-2C04FCCFDE79}.Release|x86.ActiveCfg = Release|Win32
		{0758C6C3-889E-431F-B7BF-2C04FCCFDE79}.Release|x86.Build.0 = Release|Win32
		{CD0F9ECB-9DEE-446B-9725-D89338C9876B}.Debug|x64.ActiveCfg = Debug|x64
		{CD0F9ECB-9DEE-446B-9725-D89338C9876B}.Debug|x64.Build.0 = Debug|x64
		{CD0F9ECB-9DEE-446B-9725-D89338C9876B}.Debug|x86.ActiveCfg = Debug|Win32
		{CD0F9ECB-9DEE-446B-9725-D89338C9876B}.Debug|x86.Build.0 = Debug|Win32
		{CD0F9ECB-9DEE-446B-9725-D89338C9876B}.Release|x64.ActiveCfg = Release|x64
		{CD0F9ECB-9DEE-446B-9725-D89338C9876B}.Release|x64.Build.0 = Release|x64
		{CD0F9ECB-9DEE-446B-9725-D89338C9876B}.Release|x86.ActiveCfg = Release|Win32
		{CD0F9ECB-9DEE-446B-9725-D89338C9876B}.Release|x86.Build.0 = Release|Win32
		{F64FE640-61A4-4BB4-9E8B-A6C38B4E1F99}.Debug|x64.ActiveCfg = Debug|x64
		{F64FE640-61A4-4BB4-9E8B-A6C38B4E1F99}.Debug|x64.Build.0 = Debug|x64
		{F64FE640-61A4-4BB4-9E8B-A6C38B4E1F99}.Debug|x86.ActiveCfg = Debug|Win32
		{F64FE640-61A4-4BB4-9E8B-A6C38B4E1F99}.Debug|x86.Build.0 = Debug|Win32
		{F64FE640-61A4-4BB4-9E8B-A6C38B4E1F99}.Release|x64.ActiveCfg = Release|x64
		{F64FE640-61A4-4BB4-9E8B-A6C38B4E1F99}.Release|x64.Build.0 = Release|x64
		{F64FE640-61A4-4BB4-9E8B-A6C38B4E1F99}.Release|x86.ActiveCfg = Release|Win32
		{F64FE640-61A4-4BB4-9E8B-A6C38B4E1F99}.Release|x86.Build.0 = Release|Win32
		{F1D5AD34-90E9-45E5-8EF4-B6E1E2162EF2}.Debug|x64.ActiveCfg = Debug|x64
		{F1D5AD34-90E9-45E5-8EF4-B6E1E2162EF2}.Debug|x64.Build.0 = Debug|x64
		{F1D5AD34-90E9-45E5-8EF4-B6E1E2162EF2}.Debug|x86.ActiveCfg = Debug|Win32
		{F1D5AD34-90E9-45E5-8EF4-B6E1E2162EF2}.Debug|x86.Build.0 = Debug|Win32
		{F1D5AD34-90E9-45E5-8EF4-B6E1E2162EF2}.Release|x64.ActiveCfg = Release|x64
		{F1D5AD34-90E9-45E5-8EF4-B6E1E2162EF2}.Release|x64.Build.0 = Release|x64
		{F1D5AD34-90E9-45E5-8EF4-B6E1E2162EF2}.Release|x86.ActiveCfg = Release|Win32
		{F1D5AD34-90E9-45E5-8EF4-B6E1E2162EF2}.Release|x86.Build.0 = Release|Win32
		{ED18E659-059C-4F2D-9ACC-A2F40A3BFA61}.Debug|x64.ActiveCfg = Debug|x64
		{ED18E659-059C-4F2D-9ACC-A2F40A3BFA61}.Debug|x64.Build.0 = Debug|x64
		{ED18E659-059C-4F2D-9ACC-A2F40A3BFA61}.Debug|x86.ActiveCfg = Debug|Win32
		{ED18E659-059C-4F2D-9ACC-A2F40A3BFA61}.Debug|x86.Build.0 = Debug|Win32
		{ED18E659-059C-4F2D-9ACC-A2F40A3BFA61}.Release|x64.ActiveCfg = Release|x64
		{ED18E659-059C-4F2D-9ACC-A2F40A3BFA61}.Release|x64.Build.0 = Release|x64
		{ED18E659-059C-4F2D-9ACC-A2F40A3BFA61}.Release|x86.ActiveCfg = Release|Win32
		{ED18E659-059C-4F2D-9ACC-A2F40A3BFA61}.Release|x86.Build.0 = Release|Win32
	EndGlobalSection
	GlobalSection(SolutionProperties) = preSolution
		HideSolutionNode = FALSE
	EndGlobalSection
	GlobalSection(ExtensibilityGlobals) = postSolution
		SolutionGuid = {1B62CCA6-5EE0-4B94-A771-BFAE2DEC1784}
	EndGlobalSection
EndGlobal
